PODS:
  - DSColorPicker (1.0.1)
  - TouchVisualizer (3.0.2)

DEPENDENCIES:
  - DSColorPicker
  - TouchVisualizer

SPEC REPOS:
  https://github.com/cocoapods/specs.git:
    - DSColorPicker
    - TouchVisualizer

SPEC CHECKSUMS:
  DSColorPicker: e97d6553553719b04fce84121e3c4c14cf213604
  TouchVisualizer: dfdb77c26f1efc58d9980596742de6cf115ea37e

PODFILE CHECKSUM: e997e57b98cfde725e4a0e7be0210f0795bca05a

COCOAPODS: 1.5.2
